
Microsoft Visual Studio Solution File, Format Version 12.00
# Visual Studio Version 17
VisualStudioVersion = 17.2.32630.192
MinimumVisualStudioVersion = 10.0.40219.1
Project("{FAE04EC0-301F-11D3-BF4B-00C04F79EFBC}") = "BobsBurgerAPI-v2", "BobsBurgerAPI-v2.csproj", "{B141B8EF-ED85-4BBC-8577-E41FC28391D3}"
EndProject
Global
	GlobalSection(SolutionConfigurationPlatforms) = preSolution
		Debug|Any CPU = Debug|Any CPU
		Release|Any CPU = Release|Any CPU
	EndGlobalSection
	GlobalSection(ProjectConfigurationPlatforms) = postSolution
		{B141B8EF-ED85-4BBC-8577-E41FC28391D3}.Debug|Any CPU.ActiveCfg = Debug|Any CPU
		{B141B8EF-ED85-4BBC-8577-E41FC28391D3}.Debug|Any CPU.Build.0 = Debug|Any CPU
		{B141B8EF-ED85-4BBC-8577-E41FC28391D3}.Release|Any CPU.ActiveCfg = Release|Any CPU
		{B141B8EF-ED85-4BBC-8577-E41FC28391D3}.Release|Any CPU.Build.0 = Release|Any CPU
	EndGlobalSection
	GlobalSection(SolutionProperties) = preSolution
		HideSolutionNode = FALSE
	EndGlobalSection
	GlobalSection(ExtensibilityGlobals) = postSolution
		SolutionGuid = {A0CD7243-79FE-4264-B88C-50018FB62781}
	EndGlobalSection
EndGlobal
